// !$*UTF8*$!
{
	archiveVersion = 1;
	classes = {
	};
	objectVersion = 46;
	objects = {

/* Begin PBXBuildFile section */
		DD76F74A1CA431E100054D2B /* main.c in Sources */ = {isa = PBXBuildFile; fileRef = DD76F7491CA431E100054D2B /* main.c */; };
		DD76F7521CA4320000054D2B /* vector_string.c in Sources */ = {isa = PBXBuildFile; fileRef = DD76F7501CA4320000054D2B /* vector_string.c */; };
		DD76F7551CA4320B00054D2B /* string.c in Sources */ = {isa = PBXBuildFile; fileRef = DD76F7531CA4320B00054D2B /* string.c */; };
		DDB83EDE1CAAA2B700A4FA9D /* array_vector_string.c in Sources */ = {isa = PBXBuildFile; fileRef = DDB83EDC1CAAA2B700A4FA9D /* array_vector_string.c */; };
/* End PBXBuildFile section */

/* Begin PBXCopyFilesBuildPhase section */
		DD76F7441CA431E100054D2B /* CopyFiles */ = {
			isa = PBXCopyFilesBuildPhase;
			buildActionMask = 2147483647;
			dstPath = /usr/share/man/man1/;
			dstSubfolderSpec = 0;
			files = (
			);
			runOnlyForDeploymentPostprocessing = 1;
		};
/* End PBXCopyFilesBuildPhase section */

/* Begin PBXFileReference section */
		DD76F7461CA431E100054D2B /* lab7 */ = {isa = PBXFileReference; explicitFileType = "compiled.mach-o.executable"; includeInIndex = 0; path = lab7; sourceTree = BUILT_PRODUCTS_DIR; };
		DD76F7491CA431E100054D2B /* main.c */ = {isa = PBXFileReference; lastKnownFileType = sourcecode.c.c; path = main.c; sourceTree = "<group>"; };
		DD76F7501CA4320000054D2B /* vector_string.c */ = {isa = PBXFileReference; fileEncoding = 4; lastKnownFileType = sourcecode.c.c; path = vector_string.c; sourceTree = "<group>"; };
		DD76F7511CA4320000054D2B /* vector_string.h */ = {isa = PBXFileReference; fileEncoding = 4; lastKnownFileType = sourcecode.c.h; path = vector_string.h; sourceTree = "<group>"; };
		DD76F7531CA4320B00054D2B /* string.c */ = {isa = PBXFileReference; fileEncoding = 4; lastKnownFileType = sourcecode.c.c; path = string.c; sourceTree = "<group>"; };
		DD76F7541CA4320B00054D2B /* string.h */ = {isa = PBXFileReference; fileEncoding = 4; lastKnownFileType = sourcecode.c.h; path = string.h; sourceTree = "<group>"; };
		DD76F7561CA4321700054D2B /* status.h */ = {isa = PBXFileReference; lastKnownFileType = sourcecode.c.h; path = status.h; sourceTree = "<group>"; };
		DDB83EDC1CAAA2B700A4FA9D /* array_vector_string.c */ = {isa = PBXFileReference; fileEncoding = 4; lastKnownFileType = sourcecode.c.c; path = array_vector_string.c; sourceTree = "<group>"; };
		DDB83EDD1CAAA2B700A4FA9D /* array_vector_string.h */ = {isa = PBXFileReference; fileEncoding = 4; lastKnownFileType = sourcecode.c.h; path = array_vector_string.h; sourceTree = "<group>"; };
/* End PBXFileReference section */

/* Begin PBXFrameworksBuildPhase section */
		DD76F7431CA431E100054D2B /* Frameworks */ = {
			isa = PBXFrameworksBuildPhase;
			buildActionMask = 2147483647;
			files = (
			);
			runOnlyForDeploymentPostprocessing = 0;
		};
/* End PBXFrameworksBuildPhase section */

/* Begin PBXGroup section */
		DD76F73D1CA431E100054D2B = {
			isa = PBXGroup;
			children = (
				DD76F7481CA431E100054D2B /* lab7 */,
				DD76F7471CA431E100054D2B /* Products */,
			);
			sourceTree = "<group>";
		};
		DD76F7471CA431E100054D2B /* Products */ = {
			isa = PBXGroup;
			children = (
				DD76F7461CA431E100054D2B /* lab7 */,
			);
			name = Products;
			sourceTree = "<group>";
		};
		DD76F7481CA431E100054D2B /* lab7 */ = {
			isa = PBXGroup;
			children = (
				DD76F7491CA431E100054D2B /* main.c */,
				DDB83EDC1CAAA2B700A4FA9D /* array_vector_string.c */,
				DDB83EDD1CAAA2B700A4FA9D /* array_vector_string.h */,
				DD76F7501CA4320000054D2B /* vector_string.c */,
				DD76F7511CA4320000054D2B /* vector_string.h */,
				DD76F7531CA4320B00054D2B /* string.c */,
				DD76F7541CA4320B00054D2B /* string.h */,
				DD76F7561CA4321700054D2B /* status.h */,
			);
			path = lab7;
			sourceTree = "<group>";
		};
/* End PBXGroup section */

/* Begin PBXNativeTarget section */
		DD76F7451CA431E100054D2B /* lab7 */ = {
			isa = PBXNativeTarget;
			buildConfigurationList = DD76F74D1CA431E100054D2B /* Build configuration list for PBXNativeTarget "lab7" */;
			buildPhases = (
				DD76F7421CA431E100054D2B /* Sources */,
				DD76F7431CA431E100054D2B /* Frameworks */,
				DD76F7441CA431E100054D2B /* CopyFiles */,
			);
			buildRules = (
			);
			dependencies = (
			);
			name = lab7;
			productName = lab7;
			productReference = DD76F7461CA431E100054D2B /* lab7 */;
			productType = "com.apple.product-type.tool";
		};
/* End PBXNativeTarget section */

/* Begin PBXProject section */
		DD76F73E1CA431E100054D2B /* Project object */ = {
			isa = PBXProject;
			attributes = {
				LastUpgradeCheck = 0720;
				ORGANIZATIONNAME = "Sam Pickell";
				TargetAttributes = {
					DD76F7451CA431E100054D2B = {
						CreatedOnToolsVersion = 7.2.1;
					};
				};
			};
			buildConfigurationList = DD76F7411CA431E100054D2B /* Build configuration list for PBXProject "lab7" */;
			compatibilityVersion = "Xcode 3.2";
			developmentRegion = English;
			hasScannedForEncodings = 0;
			knownRegions = (
				en,
			);
			mainGroup = DD76F73D1CA431E100054D2B;
			productRefGroup = DD76F7471CA431E100054D2B /* Products */;
			projectDirPath = "";
			projectRoot = "";
			targets = (
				DD76F7451CA431E100054D2B /* lab7 */,
			);
		};
/* End PBXProject section */

/* Begin PBXSourcesBuildPhase section */
		DD76F7421CA431E100054D2B /* Sources */ = {
			isa = PBXSourcesBuildPhase;
			buildActionMask = 2147483647;
			files = (
				DD76F7551CA4320B00054D2B /* string.c in Sources */,
				DDB83EDE1CAAA2B700A4FA9D /* array_vector_string.c in Sources */,
				DD76F74A1CA431E100054D2B /* main.c in Sources */,
				DD76F7521CA4320000054D2B /* vector_string.c in Sources */,
			);
			runOnlyForDeploymentPostprocessing = 0;
		};
/* End PBXSourcesBuildPhase section */

/* Begin XCBuildConfiguration section */
		DD76F74B1CA431E100054D2B /* Debug */ = {
			isa = XCBuildConfiguration;
			buildSettings = {
				ALWAYS_SEARCH_USER_PATHS = NO;
				CLANG_CXX_LANGUAGE_STANDARD = "gnu++0x";
				CLANG_CXX_LIBRARY = "libc++";
				CLANG_ENABLE_MODULES = YES;
				CLANG_ENABLE_OBJC_ARC = YES;
				CLANG_WARN_BOOL_CONVERSION = YES;
				CLANG_WARN_CONSTANT_CONVERSION = YES;
				CLANG_WARN_DIRECT_OBJC_ISA_USAGE = YES_ERROR;
				CLANG_WARN_EMPTY_BODY = YES;
				CLANG_WARN_ENUM_CONVERSION = YES;
				CLANG_WARN_INT_CONVERSION = YES;
				CLANG_WARN_OBJC_ROOT_CLASS = YES_ERROR;
				CLANG_WARN_UNREACHABLE_CODE = YES;
				CLANG_WARN__DUPLICATE_METHOD_MATCH = YES;
				CODE_SIGN_IDENTITY = "-";
				COPY_PHASE_STRIP = NO;
				DEBUG_INFORMATION_FORMAT = dwarf;
				ENABLE_STRICT_OBJC_MSGSEND = YES;
				ENABLE_TESTABILITY = YES;
				GCC_C_LANGUAGE_STANDARD = gnu99;
				GCC_DYNAMIC_NO_PIC = NO;
				GCC_NO_COMMON_BLOCKS = YES;
				GCC_OPTIMIZATION_LEVEL = 0;
				GCC_PREPROCESSOR_DEFINITIONS = (
					"DEBUG=1",
					"$(inherited)",
				);
				GCC_WARN_64_TO_32_BIT_CONVERSION = YES;
				GCC_WARN_ABOUT_RETURN_TYPE = YES_ERROR;
				GCC_WARN_UNDECLARED_SELECTOR = YES;
				GCC_WARN_UNINITIALIZED_AUTOS = YES_AGGRESSIVE;
				GCC_WARN_UNUSED_FUNCTION = YES;
				GCC_WARN_UNUSED_VARIABLE = YES;
				MACOSX_DEPLOYMENT_TARGET = 10.11;
				MTL_ENABLE_DEBUG_INFO = YES;
				ONLY_ACTIVE_ARCH = YES;
				SDKROOT = macosx;
			};
			name = Debug;
		};
		DD76F74C1CA431E100054D2B /* Release */ = {
			isa = XCBuildConfiguration;
			buildSettings = {
				ALWAYS_SEARCH_USER_PATHS = NO;
				CLANG_CXX_LANGUAGE_STANDARD = "gnu++0x";
				CLANG_CXX_LIBRARY = "libc++";
				CLANG_ENABLE_MODULES = YES;
				CLANG_ENABLE_OBJC_ARC = YES;
				CLANG_WARN_BOOL_CONVERSION = YES;
				CLANG_WARN_CONSTANT_CONVERSION = YES;
				CLANG_WARN_DIRECT_OBJC_ISA_USAGE = YES_ERROR;
				CLANG_WARN_EMPTY_BODY = YES;
				CLANG_WARN_ENUM_CONVERSION = YES;
				CLANG_WARN_INT_CONVERSION = YES;
				CLANG_WARN_OBJC_ROOT_CLASS = YES_ERROR;
				CLANG_WARN_UNREACHABLE_CODE = YES;
				CLANG_WARN__DUPLICATE_METHOD_MATCH = YES;
				CODE_SIGN_IDENTITY = "-";
				COPY_PHASE_STRIP = NO;
				DEBUG_INFORMATION_FORMAT = "dwarf-with-dsym";
				ENABLE_NS_ASSERTIONS = NO;
				ENABLE_STRICT_OBJC_MSGSEND = YES;
				GCC_C_LANGUAGE_STANDARD = gnu99;
				GCC_NO_COMMON_BLOCKS = YES;
				GCC_WARN_64_TO_32_BIT_CONVERSION = YES;
				GCC_WARN_ABOUT_RETURN_TYPE = YES_ERROR;
				GCC_WARN_UNDECLARED_SELECTOR = YES;
				GCC_WARN_UNINITIALIZED_AUTOS = YES_AGGRESSIVE;
				GCC_WARN_UNUSED_FUNCTION = YES;
				GCC_WARN_UNUSED_VARIABLE = YES;
				MACOSX_DEPLOYMENT_TARGET = 10.11;
				MTL_ENABLE_DEBUG_INFO = NO;
				SDKROOT = macosx;
			};
			name = Release;
		};
		DD76F74E1CA431E100054D2B /* Debug */ = {
			isa = XCBuildConfiguration;
			buildSettings = {
				PRODUCT_NAME = "$(TARGET_NAME)";
			};
			name = Debug;
		};
		DD76F74F1CA431E100054D2B /* Release */ = {
			isa = XCBuildConfiguration;
			buildSettings = {
				PRODUCT_NAME = "$(TARGET_NAME)";
			};
			name = Release;
		};
/* End XCBuildConfiguration section */

/* Begin XCConfigurationList section */
		DD76F7411CA431E100054D2B /* Build configuration list for PBXProject "lab7" */ = {
			isa = XCConfigurationList;
			buildConfigurations = (
				DD76F74B1CA431E100054D2B /* Debug */,
				DD76F74C1CA431E100054D2B /* Release */,
			);
			defaultConfigurationIsVisible = 0;
			defaultConfigurationName = Release;
		};
		DD76F74D1CA431E100054D2B /* Build configuration list for PBXNativeTarget "lab7" */ = {
			isa = XCConfigurationList;
			buildConfigurations = (
				DD76F74E1CA431E100054D2B /* Debug */,
				DD76F74F1CA431E100054D2B /* Release */,
			);
			defaultConfigurationIsVisible = 0;
			defaultConfigurationName = Release;
		};
/* End XCConfigurationList section */
	};
	rootObject = DD76F73E1CA431E100054D2B /* Project object */;
}
