// !$*UTF8*$!
{
	archiveVersion = 1;
	classes = {
	};
	objectVersion = 46;
	objects = {

/* Begin PBXBuildFile section */
		DD79C5791C5181B100CCD36C /* daily1.c in Sources */ = {isa = PBXBuildFile; fileRef = DD79C5781C5181B100CCD36C /* daily1.c */; };
/* End PBXBuildFile section */

/* Begin PBXCopyFilesBuildPhase section */
		DD79C5731C5181B100CCD36C /* CopyFiles */ = {
			isa = PBXCopyFilesBuildPhase;
			buildActionMask = 2147483647;
			dstPath = /usr/share/man/man1/;
			dstSubfolderSpec = 0;
			files = (
			);
			runOnlyForDeploymentPostprocessing = 1;
		};
/* End PBXCopyFilesBuildPhase section */

/* Begin PBXFileReference section */
		DD79C5751C5181B100CCD36C /* daily1.c */ = {isa = PBXFileReference; explicitFileType = "compiled.mach-o.executable"; includeInIndex = 0; path = daily1.c; sourceTree = BUILT_PRODUCTS_DIR; };
		DD79C5781C5181B100CCD36C /* daily1.c */ = {isa = PBXFileReference; lastKnownFileType = sourcecode.c.c; path = daily1.c; sourceTree = "<group>"; };
/* End PBXFileReference section */

/* Begin PBXFrameworksBuildPhase section */
		DD79C5721C5181B100CCD36C /* Frameworks */ = {
			isa = PBXFrameworksBuildPhase;
			buildActionMask = 2147483647;
			files = (
			);
			runOnlyForDeploymentPostprocessing = 0;
		};
/* End PBXFrameworksBuildPhase section */

/* Begin PBXGroup section */
		DD79C56C1C5181B100CCD36C = {
			isa = PBXGroup;
			children = (
				DD79C5771C5181B100CCD36C /* daily1.c */,
				DD79C5761C5181B100CCD36C /* Products */,
			);
			sourceTree = "<group>";
		};
		DD79C5761C5181B100CCD36C /* Products */ = {
			isa = PBXGroup;
			children = (
				DD79C5751C5181B100CCD36C /* daily1.c */,
			);
			name = Products;
			sourceTree = "<group>";
		};
		DD79C5771C5181B100CCD36C /* daily1.c */ = {
			isa = PBXGroup;
			children = (
				DD79C5781C5181B100CCD36C /* daily1.c */,
			);
			path = daily1.c;
			sourceTree = "<group>";
		};
/* End PBXGroup section */

/* Begin PBXNativeTarget section */
		DD79C5741C5181B100CCD36C /* daily1.c */ = {
			isa = PBXNativeTarget;
			buildConfigurationList = DD79C57C1C5181B100CCD36C /* Build configuration list for PBXNativeTarget "daily1.c" */;
			buildPhases = (
				DD79C5711C5181B100CCD36C /* Sources */,
				DD79C5721C5181B100CCD36C /* Frameworks */,
				DD79C5731C5181B100CCD36C /* CopyFiles */,
			);
			buildRules = (
			);
			dependencies = (
			);
			name = daily1.c;
			productName = daily1.c;
			productReference = DD79C5751C5181B100CCD36C /* daily1.c */;
			productType = "com.apple.product-type.tool";
		};
/* End PBXNativeTarget section */

/* Begin PBXProject section */
		DD79C56D1C5181B100CCD36C /* Project object */ = {
			isa = PBXProject;
			attributes = {
				LastUpgradeCheck = 0720;
				ORGANIZATIONNAME = "Sam Pickell";
				TargetAttributes = {
					DD79C5741C5181B100CCD36C = {
						CreatedOnToolsVersion = 7.2;
					};
				};
			};
			buildConfigurationList = DD79C5701C5181B100CCD36C /* Build configuration list for PBXProject "daily1.c" */;
			compatibilityVersion = "Xcode 3.2";
			developmentRegion = English;
			hasScannedForEncodings = 0;
			knownRegions = (
				en,
			);
			mainGroup = DD79C56C1C5181B100CCD36C;
			productRefGroup = DD79C5761C5181B100CCD36C /* Products */;
			projectDirPath = "";
			projectRoot = "";
			targets = (
				DD79C5741C5181B100CCD36C /* daily1.c */,
			);
		};
/* End PBXProject section */

/* Begin PBXSourcesBuildPhase section */
		DD79C5711C5181B100CCD36C /* Sources */ = {
			isa = PBXSourcesBuildPhase;
			buildActionMask = 2147483647;
			files = (
				DD79C5791C5181B100CCD36C /* daily1.c in Sources */,
			);
			runOnlyForDeploymentPostprocessing = 0;
		};
/* End PBXSourcesBuildPhase section */

/* Begin XCBuildConfiguration section */
		DD79C57A1C5181B100CCD36C /* Debug */ = {
			isa = XCBuildConfiguration;
			buildSettings = {
				ALWAYS_SEARCH_USER_PATHS = NO;
				CLANG_CXX_LANGUAGE_STANDARD = "gnu++0x";
				CLANG_CXX_LIBRARY = "libc++";
				CLANG_ENABLE_MODULES = YES;
				CLANG_ENABLE_OBJC_ARC = YES;
				CLANG_WARN_BOOL_CONVERSION = YES;
				CLANG_WARN_CONSTANT_CONVERSION = YES;
				CLANG_WARN_DIRECT_OBJC_ISA_USAGE = YES_ERROR;
				CLANG_WARN_EMPTY_BODY = YES;
				CLANG_WARN_ENUM_CONVERSION = YES;
				CLANG_WARN_INT_CONVERSION = YES;
				CLANG_WARN_OBJC_ROOT_CLASS = YES_ERROR;
				CLANG_WARN_UNREACHABLE_CODE = YES;
				CLANG_WARN__DUPLICATE_METHOD_MATCH = YES;
				CODE_SIGN_IDENTITY = "-";
				COPY_PHASE_STRIP = NO;
				DEBUG_INFORMATION_FORMAT = dwarf;
				ENABLE_STRICT_OBJC_MSGSEND = YES;
				ENABLE_TESTABILITY = YES;
				GCC_C_LANGUAGE_STANDARD = gnu99;
				GCC_DYNAMIC_NO_PIC = NO;
				GCC_NO_COMMON_BLOCKS = YES;
				GCC_OPTIMIZATION_LEVEL = 0;
				GCC_PREPROCESSOR_DEFINITIONS = (
					"DEBUG=1",
					"$(inherited)",
				);
				GCC_WARN_64_TO_32_BIT_CONVERSION = YES;
				GCC_WARN_ABOUT_RETURN_TYPE = YES_ERROR;
				GCC_WARN_UNDECLARED_SELECTOR = YES;
				GCC_WARN_UNINITIALIZED_AUTOS = YES_AGGRESSIVE;
				GCC_WARN_UNUSED_FUNCTION = YES;
				GCC_WARN_UNUSED_VARIABLE = YES;
				MACOSX_DEPLOYMENT_TARGET = 10.11;
				MTL_ENABLE_DEBUG_INFO = YES;
				ONLY_ACTIVE_ARCH = YES;
				SDKROOT = macosx;
			};
			name = Debug;
		};
		DD79C57B1C5181B100CCD36C /* Release */ = {
			isa = XCBuildConfiguration;
			buildSettings = {
				ALWAYS_SEARCH_USER_PATHS = NO;
				CLANG_CXX_LANGUAGE_STANDARD = "gnu++0x";
				CLANG_CXX_LIBRARY = "libc++";
				CLANG_ENABLE_MODULES = YES;
				CLANG_ENABLE_OBJC_ARC = YES;
				CLANG_WARN_BOOL_CONVERSION = YES;
				CLANG_WARN_CONSTANT_CONVERSION = YES;
				CLANG_WARN_DIRECT_OBJC_ISA_USAGE = YES_ERROR;
				CLANG_WARN_EMPTY_BODY = YES;
				CLANG_WARN_ENUM_CONVERSION = YES;
				CLANG_WARN_INT_CONVERSION = YES;
				CLANG_WARN_OBJC_ROOT_CLASS = YES_ERROR;
				CLANG_WARN_UNREACHABLE_CODE = YES;
				CLANG_WARN__DUPLICATE_METHOD_MATCH = YES;
				CODE_SIGN_IDENTITY = "-";
				COPY_PHASE_STRIP = NO;
				DEBUG_INFORMATION_FORMAT = "dwarf-with-dsym";
				ENABLE_NS_ASSERTIONS = NO;
				ENABLE_STRICT_OBJC_MSGSEND = YES;
				GCC_C_LANGUAGE_STANDARD = gnu99;
				GCC_NO_COMMON_BLOCKS = YES;
				GCC_WARN_64_TO_32_BIT_CONVERSION = YES;
				GCC_WARN_ABOUT_RETURN_TYPE = YES_ERROR;
				GCC_WARN_UNDECLARED_SELECTOR = YES;
				GCC_WARN_UNINITIALIZED_AUTOS = YES_AGGRESSIVE;
				GCC_WARN_UNUSED_FUNCTION = YES;
				GCC_WARN_UNUSED_VARIABLE = YES;
				MACOSX_DEPLOYMENT_TARGET = 10.11;
				MTL_ENABLE_DEBUG_INFO = NO;
				SDKROOT = macosx;
			};
			name = Release;
		};
		DD79C57D1C5181B100CCD36C /* Debug */ = {
			isa = XCBuildConfiguration;
			buildSettings = {
				PRODUCT_NAME = "$(TARGET_NAME)";
			};
			name = Debug;
		};
		DD79C57E1C5181B100CCD36C /* Release */ = {
			isa = XCBuildConfiguration;
			buildSettings = {
				PRODUCT_NAME = "$(TARGET_NAME)";
			};
			name = Release;
		};
/* End XCBuildConfiguration section */

/* Begin XCConfigurationList section */
		DD79C5701C5181B100CCD36C /* Build configuration list for PBXProject "daily1.c" */ = {
			isa = XCConfigurationList;
			buildConfigurations = (
				DD79C57A1C5181B100CCD36C /* Debug */,
				DD79C57B1C5181B100CCD36C /* Release */,
			);
			defaultConfigurationIsVisible = 0;
			defaultConfigurationName = Release;
		};
		DD79C57C1C5181B100CCD36C /* Build configuration list for PBXNativeTarget "daily1.c" */ = {
			isa = XCConfigurationList;
			buildConfigurations = (
				DD79C57D1C5181B100CCD36C /* Debug */,
				DD79C57E1C5181B100CCD36C /* Release */,
			);
			defaultConfigurationIsVisible = 0;
		};
/* End XCConfigurationList section */
	};
	rootObject = DD79C56D1C5181B100CCD36C /* Project object */;
}
