// !$*UTF8*$!
{
	archiveVersion = 1;
	classes = {
	};
	objectVersion = 46;
	objects = {

/* Begin PBXBuildFile section */
		DD0E70571C7E0E8A001B5A56 /* daily7.c in Sources */ = {isa = PBXBuildFile; fileRef = DD0E70561C7E0E8A001B5A56 /* daily7.c */; };
		DD0E705F1C7E0EC9001B5A56 /* stack.c in Sources */ = {isa = PBXBuildFile; fileRef = DD0E705D1C7E0EC9001B5A56 /* stack.c */; };
/* End PBXBuildFile section */

/* Begin PBXCopyFilesBuildPhase section */
		DD0E70511C7E0E89001B5A56 /* CopyFiles */ = {
			isa = PBXCopyFilesBuildPhase;
			buildActionMask = 2147483647;
			dstPath = /usr/share/man/man1/;
			dstSubfolderSpec = 0;
			files = (
			);
			runOnlyForDeploymentPostprocessing = 1;
		};
/* End PBXCopyFilesBuildPhase section */

/* Begin PBXFileReference section */
		DD0E70531C7E0E89001B5A56 /* daily7.c */ = {isa = PBXFileReference; explicitFileType = "compiled.mach-o.executable"; includeInIndex = 0; path = daily7.c; sourceTree = BUILT_PRODUCTS_DIR; };
		DD0E70561C7E0E8A001B5A56 /* daily7.c */ = {isa = PBXFileReference; lastKnownFileType = sourcecode.c.c; path = daily7.c; sourceTree = "<group>"; };
		DD0E705D1C7E0EC9001B5A56 /* stack.c */ = {isa = PBXFileReference; fileEncoding = 4; lastKnownFileType = sourcecode.c.c; path = stack.c; sourceTree = SOURCE_ROOT; };
		DD0E705E1C7E0EC9001B5A56 /* stack.h */ = {isa = PBXFileReference; fileEncoding = 4; lastKnownFileType = sourcecode.c.h; path = stack.h; sourceTree = SOURCE_ROOT; };
		DD0E70601C7E0F31001B5A56 /* status.h */ = {isa = PBXFileReference; lastKnownFileType = sourcecode.c.h; path = status.h; sourceTree = "<group>"; };
/* End PBXFileReference section */

/* Begin PBXFrameworksBuildPhase section */
		DD0E70501C7E0E89001B5A56 /* Frameworks */ = {
			isa = PBXFrameworksBuildPhase;
			buildActionMask = 2147483647;
			files = (
			);
			runOnlyForDeploymentPostprocessing = 0;
		};
/* End PBXFrameworksBuildPhase section */

/* Begin PBXGroup section */
		DD0E704A1C7E0E89001B5A56 = {
			isa = PBXGroup;
			children = (
				DD0E70551C7E0E89001B5A56 /* daily7.c */,
				DD0E70541C7E0E89001B5A56 /* Products */,
			);
			sourceTree = "<group>";
		};
		DD0E70541C7E0E89001B5A56 /* Products */ = {
			isa = PBXGroup;
			children = (
				DD0E70531C7E0E89001B5A56 /* daily7.c */,
			);
			name = Products;
			sourceTree = "<group>";
		};
		DD0E70551C7E0E89001B5A56 /* daily7.c */ = {
			isa = PBXGroup;
			children = (
				DD0E70561C7E0E8A001B5A56 /* daily7.c */,
				DD0E705D1C7E0EC9001B5A56 /* stack.c */,
				DD0E705E1C7E0EC9001B5A56 /* stack.h */,
				DD0E70601C7E0F31001B5A56 /* status.h */,
			);
			path = daily7.c;
			sourceTree = "<group>";
		};
/* End PBXGroup section */

/* Begin PBXNativeTarget section */
		DD0E70521C7E0E89001B5A56 /* daily7.c */ = {
			isa = PBXNativeTarget;
			buildConfigurationList = DD0E705A1C7E0E8A001B5A56 /* Build configuration list for PBXNativeTarget "daily7.c" */;
			buildPhases = (
				DD0E704F1C7E0E89001B5A56 /* Sources */,
				DD0E70501C7E0E89001B5A56 /* Frameworks */,
				DD0E70511C7E0E89001B5A56 /* CopyFiles */,
			);
			buildRules = (
			);
			dependencies = (
			);
			name = daily7.c;
			productName = daily7.c;
			productReference = DD0E70531C7E0E89001B5A56 /* daily7.c */;
			productType = "com.apple.product-type.tool";
		};
/* End PBXNativeTarget section */

/* Begin PBXProject section */
		DD0E704B1C7E0E89001B5A56 /* Project object */ = {
			isa = PBXProject;
			attributes = {
				LastUpgradeCheck = 0720;
				ORGANIZATIONNAME = "Sam Pickell";
				TargetAttributes = {
					DD0E70521C7E0E89001B5A56 = {
						CreatedOnToolsVersion = 7.2.1;
					};
				};
			};
			buildConfigurationList = DD0E704E1C7E0E89001B5A56 /* Build configuration list for PBXProject "daily7.c" */;
			compatibilityVersion = "Xcode 3.2";
			developmentRegion = English;
			hasScannedForEncodings = 0;
			knownRegions = (
				en,
			);
			mainGroup = DD0E704A1C7E0E89001B5A56;
			productRefGroup = DD0E70541C7E0E89001B5A56 /* Products */;
			projectDirPath = "";
			projectRoot = "";
			targets = (
				DD0E70521C7E0E89001B5A56 /* daily7.c */,
			);
		};
/* End PBXProject section */

/* Begin PBXSourcesBuildPhase section */
		DD0E704F1C7E0E89001B5A56 /* Sources */ = {
			isa = PBXSourcesBuildPhase;
			buildActionMask = 2147483647;
			files = (
				DD0E705F1C7E0EC9001B5A56 /* stack.c in Sources */,
				DD0E70571C7E0E8A001B5A56 /* daily7.c in Sources */,
			);
			runOnlyForDeploymentPostprocessing = 0;
		};
/* End PBXSourcesBuildPhase section */

/* Begin XCBuildConfiguration section */
		DD0E70581C7E0E8A001B5A56 /* Debug */ = {
			isa = XCBuildConfiguration;
			buildSettings = {
				ALWAYS_SEARCH_USER_PATHS = NO;
				CLANG_CXX_LANGUAGE_STANDARD = "gnu++0x";
				CLANG_CXX_LIBRARY = "libc++";
				CLANG_ENABLE_MODULES = YES;
				CLANG_ENABLE_OBJC_ARC = YES;
				CLANG_WARN_BOOL_CONVERSION = YES;
				CLANG_WARN_CONSTANT_CONVERSION = YES;
				CLANG_WARN_DIRECT_OBJC_ISA_USAGE = YES_ERROR;
				CLANG_WARN_EMPTY_BODY = YES;
				CLANG_WARN_ENUM_CONVERSION = YES;
				CLANG_WARN_INT_CONVERSION = YES;
				CLANG_WARN_OBJC_ROOT_CLASS = YES_ERROR;
				CLANG_WARN_UNREACHABLE_CODE = YES;
				CLANG_WARN__DUPLICATE_METHOD_MATCH = YES;
				CODE_SIGN_IDENTITY = "-";
				COPY_PHASE_STRIP = NO;
				DEBUG_INFORMATION_FORMAT = dwarf;
				ENABLE_STRICT_OBJC_MSGSEND = YES;
				ENABLE_TESTABILITY = YES;
				GCC_C_LANGUAGE_STANDARD = gnu99;
				GCC_DYNAMIC_NO_PIC = NO;
				GCC_NO_COMMON_BLOCKS = YES;
				GCC_OPTIMIZATION_LEVEL = 0;
				GCC_PREPROCESSOR_DEFINITIONS = (
					"DEBUG=1",
					"$(inherited)",
				);
				GCC_WARN_64_TO_32_BIT_CONVERSION = YES;
				GCC_WARN_ABOUT_RETURN_TYPE = YES_ERROR;
				GCC_WARN_UNDECLARED_SELECTOR = YES;
				GCC_WARN_UNINITIALIZED_AUTOS = YES_AGGRESSIVE;
				GCC_WARN_UNUSED_FUNCTION = YES;
				GCC_WARN_UNUSED_VARIABLE = YES;
				MACOSX_DEPLOYMENT_TARGET = 10.11;
				MTL_ENABLE_DEBUG_INFO = YES;
				ONLY_ACTIVE_ARCH = YES;
				SDKROOT = macosx;
			};
			name = Debug;
		};
		DD0E70591C7E0E8A001B5A56 /* Release */ = {
			isa = XCBuildConfiguration;
			buildSettings = {
				ALWAYS_SEARCH_USER_PATHS = NO;
				CLANG_CXX_LANGUAGE_STANDARD = "gnu++0x";
				CLANG_CXX_LIBRARY = "libc++";
				CLANG_ENABLE_MODULES = YES;
				CLANG_ENABLE_OBJC_ARC = YES;
				CLANG_WARN_BOOL_CONVERSION = YES;
				CLANG_WARN_CONSTANT_CONVERSION = YES;
				CLANG_WARN_DIRECT_OBJC_ISA_USAGE = YES_ERROR;
				CLANG_WARN_EMPTY_BODY = YES;
				CLANG_WARN_ENUM_CONVERSION = YES;
				CLANG_WARN_INT_CONVERSION = YES;
				CLANG_WARN_OBJC_ROOT_CLASS = YES_ERROR;
				CLANG_WARN_UNREACHABLE_CODE = YES;
				CLANG_WARN__DUPLICATE_METHOD_MATCH = YES;
				CODE_SIGN_IDENTITY = "-";
				COPY_PHASE_STRIP = NO;
				DEBUG_INFORMATION_FORMAT = "dwarf-with-dsym";
				ENABLE_NS_ASSERTIONS = NO;
				ENABLE_STRICT_OBJC_MSGSEND = YES;
				GCC_C_LANGUAGE_STANDARD = gnu99;
				GCC_NO_COMMON_BLOCKS = YES;
				GCC_WARN_64_TO_32_BIT_CONVERSION = YES;
				GCC_WARN_ABOUT_RETURN_TYPE = YES_ERROR;
				GCC_WARN_UNDECLARED_SELECTOR = YES;
				GCC_WARN_UNINITIALIZED_AUTOS = YES_AGGRESSIVE;
				GCC_WARN_UNUSED_FUNCTION = YES;
				GCC_WARN_UNUSED_VARIABLE = YES;
				MACOSX_DEPLOYMENT_TARGET = 10.11;
				MTL_ENABLE_DEBUG_INFO = NO;
				SDKROOT = macosx;
			};
			name = Release;
		};
		DD0E705B1C7E0E8A001B5A56 /* Debug */ = {
			isa = XCBuildConfiguration;
			buildSettings = {
				PRODUCT_NAME = "$(TARGET_NAME)";
			};
			name = Debug;
		};
		DD0E705C1C7E0E8A001B5A56 /* Release */ = {
			isa = XCBuildConfiguration;
			buildSettings = {
				PRODUCT_NAME = "$(TARGET_NAME)";
			};
			name = Release;
		};
/* End XCBuildConfiguration section */

/* Begin XCConfigurationList section */
		DD0E704E1C7E0E89001B5A56 /* Build configuration list for PBXProject "daily7.c" */ = {
			isa = XCConfigurationList;
			buildConfigurations = (
				DD0E70581C7E0E8A001B5A56 /* Debug */,
				DD0E70591C7E0E8A001B5A56 /* Release */,
			);
			defaultConfigurationIsVisible = 0;
			defaultConfigurationName = Release;
		};
		DD0E705A1C7E0E8A001B5A56 /* Build configuration list for PBXNativeTarget "daily7.c" */ = {
			isa = XCConfigurationList;
			buildConfigurations = (
				DD0E705B1C7E0E8A001B5A56 /* Debug */,
				DD0E705C1C7E0E8A001B5A56 /* Release */,
			);
			defaultConfigurationIsVisible = 0;
			defaultConfigurationName = Release;
		};
/* End XCConfigurationList section */
	};
	rootObject = DD0E704B1C7E0E89001B5A56 /* Project object */;
}
