// !$*UTF8*$!
{
	archiveVersion = 1;
	classes = {
	};
	objectVersion = 46;
	objects = {

/* Begin PBXBuildFile section */
		DDBEE5E81C88395500CEA5C5 /* doubly_linked_queue.c in Sources */ = {isa = PBXBuildFile; fileRef = DDBEE5E61C88395500CEA5C5 /* doubly_linked_queue.c */; };
		DDE41B411C86462800BE1353 /* program2.c in Sources */ = {isa = PBXBuildFile; fileRef = DDE41B401C86462800BE1353 /* program2.c */; };
/* End PBXBuildFile section */

/* Begin PBXCopyFilesBuildPhase section */
		DDE41B3B1C86462800BE1353 /* CopyFiles */ = {
			isa = PBXCopyFilesBuildPhase;
			buildActionMask = 2147483647;
			dstPath = /usr/share/man/man1/;
			dstSubfolderSpec = 0;
			files = (
			);
			runOnlyForDeploymentPostprocessing = 1;
		};
/* End PBXCopyFilesBuildPhase section */

/* Begin PBXFileReference section */
		DDBEE5E61C88395500CEA5C5 /* doubly_linked_queue.c */ = {isa = PBXFileReference; fileEncoding = 4; lastKnownFileType = sourcecode.c.c; path = doubly_linked_queue.c; sourceTree = SOURCE_ROOT; };
		DDBEE5E71C88395500CEA5C5 /* doubly_linked_queue.h */ = {isa = PBXFileReference; fileEncoding = 4; lastKnownFileType = sourcecode.c.h; path = doubly_linked_queue.h; sourceTree = SOURCE_ROOT; };
		DDBEE5E91C88396E00CEA5C5 /* status.h */ = {isa = PBXFileReference; lastKnownFileType = sourcecode.c.h; path = status.h; sourceTree = "<group>"; };
		DDE41B3D1C86462800BE1353 /* program2.c */ = {isa = PBXFileReference; explicitFileType = "compiled.mach-o.executable"; includeInIndex = 0; path = program2.c; sourceTree = BUILT_PRODUCTS_DIR; };
		DDE41B401C86462800BE1353 /* program2.c */ = {isa = PBXFileReference; lastKnownFileType = sourcecode.c.c; path = program2.c; sourceTree = "<group>"; };
/* End PBXFileReference section */

/* Begin PBXFrameworksBuildPhase section */
		DDE41B3A1C86462800BE1353 /* Frameworks */ = {
			isa = PBXFrameworksBuildPhase;
			buildActionMask = 2147483647;
			files = (
			);
			runOnlyForDeploymentPostprocessing = 0;
		};
/* End PBXFrameworksBuildPhase section */

/* Begin PBXGroup section */
		DDE41B341C86462800BE1353 = {
			isa = PBXGroup;
			children = (
				DDE41B3F1C86462800BE1353 /* program2.c */,
				DDE41B3E1C86462800BE1353 /* Products */,
			);
			sourceTree = "<group>";
		};
		DDE41B3E1C86462800BE1353 /* Products */ = {
			isa = PBXGroup;
			children = (
				DDE41B3D1C86462800BE1353 /* program2.c */,
			);
			name = Products;
			sourceTree = "<group>";
		};
		DDE41B3F1C86462800BE1353 /* program2.c */ = {
			isa = PBXGroup;
			children = (
				DDE41B401C86462800BE1353 /* program2.c */,
				DDBEE5E61C88395500CEA5C5 /* doubly_linked_queue.c */,
				DDBEE5E71C88395500CEA5C5 /* doubly_linked_queue.h */,
				DDBEE5E91C88396E00CEA5C5 /* status.h */,
			);
			path = program2.c;
			sourceTree = "<group>";
		};
/* End PBXGroup section */

/* Begin PBXNativeTarget section */
		DDE41B3C1C86462800BE1353 /* program2.c */ = {
			isa = PBXNativeTarget;
			buildConfigurationList = DDE41B441C86462800BE1353 /* Build configuration list for PBXNativeTarget "program2.c" */;
			buildPhases = (
				DDE41B391C86462800BE1353 /* Sources */,
				DDE41B3A1C86462800BE1353 /* Frameworks */,
				DDE41B3B1C86462800BE1353 /* CopyFiles */,
			);
			buildRules = (
			);
			dependencies = (
			);
			name = program2.c;
			productName = program2.c;
			productReference = DDE41B3D1C86462800BE1353 /* program2.c */;
			productType = "com.apple.product-type.tool";
		};
/* End PBXNativeTarget section */

/* Begin PBXProject section */
		DDE41B351C86462800BE1353 /* Project object */ = {
			isa = PBXProject;
			attributes = {
				LastUpgradeCheck = 0720;
				ORGANIZATIONNAME = "Sam Pickell";
				TargetAttributes = {
					DDE41B3C1C86462800BE1353 = {
						CreatedOnToolsVersion = 7.2.1;
					};
				};
			};
			buildConfigurationList = DDE41B381C86462800BE1353 /* Build configuration list for PBXProject "program2.c" */;
			compatibilityVersion = "Xcode 3.2";
			developmentRegion = English;
			hasScannedForEncodings = 0;
			knownRegions = (
				en,
			);
			mainGroup = DDE41B341C86462800BE1353;
			productRefGroup = DDE41B3E1C86462800BE1353 /* Products */;
			projectDirPath = "";
			projectRoot = "";
			targets = (
				DDE41B3C1C86462800BE1353 /* program2.c */,
			);
		};
/* End PBXProject section */

/* Begin PBXSourcesBuildPhase section */
		DDE41B391C86462800BE1353 /* Sources */ = {
			isa = PBXSourcesBuildPhase;
			buildActionMask = 2147483647;
			files = (
				DDE41B411C86462800BE1353 /* program2.c in Sources */,
				DDBEE5E81C88395500CEA5C5 /* doubly_linked_queue.c in Sources */,
			);
			runOnlyForDeploymentPostprocessing = 0;
		};
/* End PBXSourcesBuildPhase section */

/* Begin XCBuildConfiguration section */
		DDE41B421C86462800BE1353 /* Debug */ = {
			isa = XCBuildConfiguration;
			buildSettings = {
				ALWAYS_SEARCH_USER_PATHS = NO;
				CLANG_CXX_LANGUAGE_STANDARD = "gnu++0x";
				CLANG_CXX_LIBRARY = "libc++";
				CLANG_ENABLE_MODULES = YES;
				CLANG_ENABLE_OBJC_ARC = YES;
				CLANG_WARN_BOOL_CONVERSION = YES;
				CLANG_WARN_CONSTANT_CONVERSION = YES;
				CLANG_WARN_DIRECT_OBJC_ISA_USAGE = YES_ERROR;
				CLANG_WARN_EMPTY_BODY = YES;
				CLANG_WARN_ENUM_CONVERSION = YES;
				CLANG_WARN_INT_CONVERSION = YES;
				CLANG_WARN_OBJC_ROOT_CLASS = YES_ERROR;
				CLANG_WARN_UNREACHABLE_CODE = YES;
				CLANG_WARN__DUPLICATE_METHOD_MATCH = YES;
				CODE_SIGN_IDENTITY = "-";
				COPY_PHASE_STRIP = NO;
				DEBUG_INFORMATION_FORMAT = dwarf;
				ENABLE_STRICT_OBJC_MSGSEND = YES;
				ENABLE_TESTABILITY = YES;
				GCC_C_LANGUAGE_STANDARD = gnu99;
				GCC_DYNAMIC_NO_PIC = NO;
				GCC_NO_COMMON_BLOCKS = YES;
				GCC_OPTIMIZATION_LEVEL = 0;
				GCC_PREPROCESSOR_DEFINITIONS = (
					"DEBUG=1",
					"$(inherited)",
				);
				GCC_WARN_64_TO_32_BIT_CONVERSION = YES;
				GCC_WARN_ABOUT_RETURN_TYPE = YES_ERROR;
				GCC_WARN_UNDECLARED_SELECTOR = YES;
				GCC_WARN_UNINITIALIZED_AUTOS = YES_AGGRESSIVE;
				GCC_WARN_UNUSED_FUNCTION = YES;
				GCC_WARN_UNUSED_VARIABLE = YES;
				MACOSX_DEPLOYMENT_TARGET = 10.11;
				MTL_ENABLE_DEBUG_INFO = YES;
				ONLY_ACTIVE_ARCH = YES;
				SDKROOT = macosx;
			};
			name = Debug;
		};
		DDE41B431C86462800BE1353 /* Release */ = {
			isa = XCBuildConfiguration;
			buildSettings = {
				ALWAYS_SEARCH_USER_PATHS = NO;
				CLANG_CXX_LANGUAGE_STANDARD = "gnu++0x";
				CLANG_CXX_LIBRARY = "libc++";
				CLANG_ENABLE_MODULES = YES;
				CLANG_ENABLE_OBJC_ARC = YES;
				CLANG_WARN_BOOL_CONVERSION = YES;
				CLANG_WARN_CONSTANT_CONVERSION = YES;
				CLANG_WARN_DIRECT_OBJC_ISA_USAGE = YES_ERROR;
				CLANG_WARN_EMPTY_BODY = YES;
				CLANG_WARN_ENUM_CONVERSION = YES;
				CLANG_WARN_INT_CONVERSION = YES;
				CLANG_WARN_OBJC_ROOT_CLASS = YES_ERROR;
				CLANG_WARN_UNREACHABLE_CODE = YES;
				CLANG_WARN__DUPLICATE_METHOD_MATCH = YES;
				CODE_SIGN_IDENTITY = "-";
				COPY_PHASE_STRIP = NO;
				DEBUG_INFORMATION_FORMAT = "dwarf-with-dsym";
				ENABLE_NS_ASSERTIONS = NO;
				ENABLE_STRICT_OBJC_MSGSEND = YES;
				GCC_C_LANGUAGE_STANDARD = gnu99;
				GCC_NO_COMMON_BLOCKS = YES;
				GCC_WARN_64_TO_32_BIT_CONVERSION = YES;
				GCC_WARN_ABOUT_RETURN_TYPE = YES_ERROR;
				GCC_WARN_UNDECLARED_SELECTOR = YES;
				GCC_WARN_UNINITIALIZED_AUTOS = YES_AGGRESSIVE;
				GCC_WARN_UNUSED_FUNCTION = YES;
				GCC_WARN_UNUSED_VARIABLE = YES;
				MACOSX_DEPLOYMENT_TARGET = 10.11;
				MTL_ENABLE_DEBUG_INFO = NO;
				SDKROOT = macosx;
			};
			name = Release;
		};
		DDE41B451C86462800BE1353 /* Debug */ = {
			isa = XCBuildConfiguration;
			buildSettings = {
				PRODUCT_NAME = "$(TARGET_NAME)";
			};
			name = Debug;
		};
		DDE41B461C86462800BE1353 /* Release */ = {
			isa = XCBuildConfiguration;
			buildSettings = {
				PRODUCT_NAME = "$(TARGET_NAME)";
			};
			name = Release;
		};
/* End XCBuildConfiguration section */

/* Begin XCConfigurationList section */
		DDE41B381C86462800BE1353 /* Build configuration list for PBXProject "program2.c" */ = {
			isa = XCConfigurationList;
			buildConfigurations = (
				DDE41B421C86462800BE1353 /* Debug */,
				DDE41B431C86462800BE1353 /* Release */,
			);
			defaultConfigurationIsVisible = 0;
			defaultConfigurationName = Release;
		};
		DDE41B441C86462800BE1353 /* Build configuration list for PBXNativeTarget "program2.c" */ = {
			isa = XCConfigurationList;
			buildConfigurations = (
				DDE41B451C86462800BE1353 /* Debug */,
				DDE41B461C86462800BE1353 /* Release */,
			);
			defaultConfigurationIsVisible = 0;
			defaultConfigurationName = Release;
		};
/* End XCConfigurationList section */
	};
	rootObject = DDE41B351C86462800BE1353 /* Project object */;
}
